
Microsoft Visual Studio Solution File, Format Version 12.00
# Visual Studio 15
VisualStudioVersion = 15.0.28307.902
MinimumVisualStudioVersion = 10.0.40219.1
Project("{FAE04EC0-301F-11D3-BF4B-00C04F79EFBC}") = "Domen", "Domen\Domen.csproj", "{EDA0B6FC-8429-4652-B683-A95E6A6F7DD9}"
EndProject
Project("{FAE04EC0-301F-11D3-BF4B-00C04F79EFBC}") = "Klijent", "Klijent\Klijent.csproj", "{0C246052-9B7F-4081-9240-FEB105BCD307}"
EndProject
Project("{FAE04EC0-301F-11D3-BF4B-00C04F79EFBC}") = "Server", "Server\Server.csproj", "{CBDE922E-7937-4302-911E-E0818B89CB1C}"
EndProject
Project("{FAE04EC0-301F-11D3-BF4B-00C04F79EFBC}") = "Testovi", "Testovi\Testovi.csproj", "{67D4D46D-9EA5-4E9E-8D7B-B5DF540EFB27}"
EndProject
Global
	GlobalSection(SolutionConfigurationPlatforms) = preSolution
		Debug|Any CPU = Debug|Any CPU
		Release|Any CPU = Release|Any CPU
	EndGlobalSection
	GlobalSection(ProjectConfigurationPlatforms) = postSolution
		{EDA0B6FC-8429-4652-B683-A95E6A6F7DD9}.Debug|Any CPU.ActiveCfg = Debug|Any CPU
		{EDA0B6FC-8429-4652-B683-A95E6A6F7DD9}.Debug|Any CPU.Build.0 = Debug|Any CPU
		{EDA0B6FC-8429-4652-B683-A95E6A6F7DD9}.Release|Any CPU.ActiveCfg = Release|Any CPU
		{EDA0B6FC-8429-4652-B683-A95E6A6F7DD9}.Release|Any CPU.Build.0 = Release|Any CPU
		{0C246052-9B7F-4081-9240-FEB105BCD307}.Debug|Any CPU.ActiveCfg = Debug|Any CPU
		{0C246052-9B7F-4081-9240-FEB105BCD307}.Debug|Any CPU.Build.0 = Debug|Any CPU
		{0C246052-9B7F-4081-9240-FEB105BCD307}.Release|Any CPU.ActiveCfg = Release|Any CPU
		{0C246052-9B7F-4081-9240-FEB105BCD307}.Release|Any CPU.Build.0 = Release|Any CPU
		{CBDE922E-7937-4302-911E-E0818B89CB1C}.Debug|Any CPU.ActiveCfg = Debug|Any CPU
		{CBDE922E-7937-4302-911E-E0818B89CB1C}.Debug|Any CPU.Build.0 = Debug|Any CPU
		{CBDE922E-7937-4302-911E-E0818B89CB1C}.Release|Any CPU.ActiveCfg = Release|Any CPU
		{CBDE922E-7937-4302-911E-E0818B89CB1C}.Release|Any CPU.Build.0 = Release|Any CPU
		{67D4D46D-9EA5-4E9E-8D7B-B5DF540EFB27}.Debug|Any CPU.ActiveCfg = Debug|Any CPU
		{67D4D46D-9EA5-4E9E-8D7B-B5DF540EFB27}.Debug|Any CPU.Build.0 = Debug|Any CPU
		{67D4D46D-9EA5-4E9E-8D7B-B5DF540EFB27}.Release|Any CPU.ActiveCfg = Release|Any CPU
		{67D4D46D-9EA5-4E9E-8D7B-B5DF540EFB27}.Release|Any CPU.Build.0 = Release|Any CPU
	EndGlobalSection
	GlobalSection(SolutionProperties) = preSolution
		HideSolutionNode = FALSE
	EndGlobalSection
	GlobalSection(ExtensibilityGlobals) = postSolution
		SolutionGuid = {0ADD15F4-A28D-49F1-9323-760C539E676C}
	EndGlobalSection
EndGlobal
